
Microsoft Visual Studio Solution File, Format Version 12.00
# Visual Studio 15
VisualStudioVersion = 15.0.27130.2027
MinimumVisualStudioVersion = 10.0.40219.1
Project("{FAE04EC0-301F-11D3-BF4B-00C04F79EFBC}") = "FileTracker", "FileTracker.csproj", "{9D04B5D1-5661-4C88-86E4-AAC3754B858D}"
EndProject
Global
	GlobalSection(SolutionConfigurationPlatforms) = preSolution
		Debug|Any CPU = Debug|Any CPU
		Release|Any CPU = Release|Any CPU
	EndGlobalSection
	GlobalSection(ProjectConfigurationPlatforms) = postSolution
		{9D04B5D1-5661-4C88-86E4-AAC3754B858D}.Debug|Any CPU.ActiveCfg = Debug|Any CPU
		{9D04B5D1-5661-4C88-86E4-AAC3754B858D}.Debug|Any CPU.Build.0 = Debug|Any CPU
		{9D04B5D1-5661-4C88-86E4-AAC3754B858D}.Release|Any CPU.ActiveCfg = Release|Any CPU
		{9D04B5D1-5661-4C88-86E4-AAC3754B858D}.Release|Any CPU.Build.0 = Release|Any CPU
	EndGlobalSection
	GlobalSection(SolutionProperties) = preSolution
		HideSolutionNode = FALSE
	EndGlobalSection
	GlobalSection(ExtensibilityGlobals) = postSolution
		SolutionGuid = {B1416633-6E15-4639-8471-0F25B74E418F}
	EndGlobalSection
EndGlobal
